// !$*UTF8*$!
{
	archiveVersion = 1;
	classes = {
	};
	objectVersion = 48;
	objects = {

/* Begin PBXBuildFile section */
		3B203DCC22C60EF300C941B8 /* AppDelegate.swift in Sources */ = {isa = PBXBuildFile; fileRef = 3B203DCB22C60EF300C941B8 /* AppDelegate.swift */; };
		3B203DD122C60EF300C941B8 /* Main.storyboard in Resources */ = {isa = PBXBuildFile; fileRef = 3B203DCF22C60EF300C941B8 /* Main.storyboard */; };
		3B203DD322C60EF300C941B8 /* Assets.xcassets in Resources */ = {isa = PBXBuildFile; fileRef = 3B203DD222C60EF300C941B8 /* Assets.xcassets */; };
		3B203DD622C60EF300C941B8 /* LaunchScreen.storyboard in Resources */ = {isa = PBXBuildFile; fileRef = 3B203DD422C60EF300C941B8 /* LaunchScreen.storyboard */; };
		3B203DE122C61D6800C941B8 /* CollectionViewController.swift in Sources */ = {isa = PBXBuildFile; fileRef = 3B203DE022C61D6800C941B8 /* CollectionViewController.swift */; };
		3B203DE322C622CC00C941B8 /* CollectionViewCell.swift in Sources */ = {isa = PBXBuildFile; fileRef = 3B203DE222C622CC00C941B8 /* CollectionViewCell.swift */; };
		3B203DE522C62CF400C941B8 /* Images.swift in Sources */ = {isa = PBXBuildFile; fileRef = 3B203DE422C62CF400C941B8 /* Images.swift */; };
		3B203DE722C62EDD00C941B8 /* Image.swift in Sources */ = {isa = PBXBuildFile; fileRef = 3B203DE622C62EDD00C941B8 /* Image.swift */; };
		3B203DEA22C6488D00C941B8 /* ViewController.swift in Sources */ = {isa = PBXBuildFile; fileRef = 3B203DE922C6488D00C941B8 /* ViewController.swift */; };
/* End PBXBuildFile section */

/* Begin PBXFileReference section */
		3B203DC822C60EF300C941B8 /* d03.app */ = {isa = PBXFileReference; explicitFileType = wrapper.application; includeInIndex = 0; path = d03.app; sourceTree = BUILT_PRODUCTS_DIR; };
		3B203DCB22C60EF300C941B8 /* AppDelegate.swift */ = {isa = PBXFileReference; lastKnownFileType = sourcecode.swift; path = AppDelegate.swift; sourceTree = "<group>"; };
		3B203DD022C60EF300C941B8 /* Base */ = {isa = PBXFileReference; lastKnownFileType = file.storyboard; name = Base; path = Base.lproj/Main.storyboard; sourceTree = "<group>"; };
		3B203DD222C60EF300C941B8 /* Assets.xcassets */ = {isa = PBXFileReference; lastKnownFileType = folder.assetcatalog; path = Assets.xcassets; sourceTree = "<group>"; };
		3B203DD522C60EF300C941B8 /* Base */ = {isa = PBXFileReference; lastKnownFileType = file.storyboard; name = Base; path = Base.lproj/LaunchScreen.storyboard; sourceTree = "<group>"; };
		3B203DD722C60EF300C941B8 /* Info.plist */ = {isa = PBXFileReference; lastKnownFileType = text.plist.xml; path = Info.plist; sourceTree = "<group>"; };
		3B203DE022C61D6800C941B8 /* CollectionViewController.swift */ = {isa = PBXFileReference; lastKnownFileType = sourcecode.swift; path = CollectionViewController.swift; sourceTree = "<group>"; };
		3B203DE222C622CC00C941B8 /* CollectionViewCell.swift */ = {isa = PBXFileReference; lastKnownFileType = sourcecode.swift; path = CollectionViewCell.swift; sourceTree = "<group>"; };
		3B203DE422C62CF400C941B8 /* Images.swift */ = {isa = PBXFileReference; lastKnownFileType = sourcecode.swift; path = Images.swift; sourceTree = "<group>"; };
		3B203DE622C62EDD00C941B8 /* Image.swift */ = {isa = PBXFileReference; lastKnownFileType = sourcecode.swift; path = Image.swift; sourceTree = "<group>"; };
		3B203DE922C6488D00C941B8 /* ViewController.swift */ = {isa = PBXFileReference; lastKnownFileType = sourcecode.swift; path = ViewController.swift; sourceTree = "<group>"; };
/* End PBXFileReference section */

/* Begin PBXFrameworksBuildPhase section */
		3B203DC522C60EF300C941B8 /* Frameworks */ = {
			isa = PBXFrameworksBuildPhase;
			buildActionMask = 2147483647;
			files = (
			);
			runOnlyForDeploymentPostprocessing = 0;
		};
/* End PBXFrameworksBuildPhase section */

/* Begin PBXGroup section */
		3B203DBF22C60EF300C941B8 = {
			isa = PBXGroup;
			children = (
				3B203DCA22C60EF300C941B8 /* d03 */,
				3B203DC922C60EF300C941B8 /* Products */,
			);
			sourceTree = "<group>";
		};
		3B203DC922C60EF300C941B8 /* Products */ = {
			isa = PBXGroup;
			children = (
				3B203DC822C60EF300C941B8 /* d03.app */,
			);
			name = Products;
			sourceTree = "<group>";
		};
		3B203DCA22C60EF300C941B8 /* d03 */ = {
			isa = PBXGroup;
			children = (
				3B203DDF22C60F1200C941B8 /* assets */,
				3B203DDE22C60F0A00C941B8 /* view */,
				3B203DDD22C60F0400C941B8 /* swift */,
				3B203DD722C60EF300C941B8 /* Info.plist */,
			);
			path = d03;
			sourceTree = "<group>";
		};
		3B203DDD22C60F0400C941B8 /* swift */ = {
			isa = PBXGroup;
			children = (
				3B203DE022C61D6800C941B8 /* CollectionViewController.swift */,
				3B203DE222C622CC00C941B8 /* CollectionViewCell.swift */,
				3B203DE922C6488D00C941B8 /* ViewController.swift */,
				3B203DE422C62CF400C941B8 /* Images.swift */,
				3B203DE622C62EDD00C941B8 /* Image.swift */,
				3B203DCB22C60EF300C941B8 /* AppDelegate.swift */,
			);
			path = swift;
			sourceTree = "<group>";
		};
		3B203DDE22C60F0A00C941B8 /* view */ = {
			isa = PBXGroup;
			children = (
				3B203DCF22C60EF300C941B8 /* Main.storyboard */,
				3B203DD422C60EF300C941B8 /* LaunchScreen.storyboard */,
			);
			path = view;
			sourceTree = "<group>";
		};
		3B203DDF22C60F1200C941B8 /* assets */ = {
			isa = PBXGroup;
			children = (
				3B203DD222C60EF300C941B8 /* Assets.xcassets */,
			);
			path = assets;
			sourceTree = "<group>";
		};
/* End PBXGroup section */

/* Begin PBXNativeTarget section */
		3B203DC722C60EF300C941B8 /* d03 */ = {
			isa = PBXNativeTarget;
			buildConfigurationList = 3B203DDA22C60EF300C941B8 /* Build configuration list for PBXNativeTarget "d03" */;
			buildPhases = (
				3B203DC422C60EF300C941B8 /* Sources */,
				3B203DC522C60EF300C941B8 /* Frameworks */,
				3B203DC622C60EF300C941B8 /* Resources */,
			);
			buildRules = (
			);
			dependencies = (
			);
			name = d03;
			productName = d03;
			productReference = 3B203DC822C60EF300C941B8 /* d03.app */;
			productType = "com.apple.product-type.application";
		};
/* End PBXNativeTarget section */

/* Begin PBXProject section */
		3B203DC022C60EF300C941B8 /* Project object */ = {
			isa = PBXProject;
			attributes = {
				LastSwiftUpdateCheck = 0920;
				LastUpgradeCheck = 1020;
				ORGANIZATIONNAME = "Danyil ZBOROVKYI";
				TargetAttributes = {
					3B203DC722C60EF300C941B8 = {
						CreatedOnToolsVersion = 9.2;
						LastSwiftMigration = 1020;
						ProvisioningStyle = Automatic;
					};
				};
			};
			buildConfigurationList = 3B203DC322C60EF300C941B8 /* Build configuration list for PBXProject "d03" */;
			compatibilityVersion = "Xcode 8.0";
			developmentRegion = en;
			hasScannedForEncodings = 0;
			knownRegions = (
				en,
				Base,
			);
			mainGroup = 3B203DBF22C60EF300C941B8;
			productRefGroup = 3B203DC922C60EF300C941B8 /* Products */;
			projectDirPath = "";
			projectRoot = "";
			targets = (
				3B203DC722C60EF300C941B8 /* d03 */,
			);
		};
/* End PBXProject section */

/* Begin PBXResourcesBuildPhase section */
		3B203DC622C60EF300C941B8 /* Resources */ = {
			isa = PBXResourcesBuildPhase;
			buildActionMask = 2147483647;
			files = (
				3B203DD622C60EF300C941B8 /* LaunchScreen.storyboard in Resources */,
				3B203DD322C60EF300C941B8 /* Assets.xcassets in Resources */,
				3B203DD122C60EF300C941B8 /* Main.storyboard in Resources */,
			);
			runOnlyForDeploymentPostprocessing = 0;
		};
/* End PBXResourcesBuildPhase section */

/* Begin PBXSourcesBuildPhase section */
		3B203DC422C60EF300C941B8 /* Sources */ = {
			isa = PBXSourcesBuildPhase;
			buildActionMask = 2147483647;
			files = (
				3B203DEA22C6488D00C941B8 /* ViewController.swift in Sources */,
				3B203DE122C61D6800C941B8 /* CollectionViewController.swift in Sources */,
				3B203DE522C62CF400C941B8 /* Images.swift in Sources */,
				3B203DCC22C60EF300C941B8 /* AppDelegate.swift in Sources */,
				3B203DE322C622CC00C941B8 /* CollectionViewCell.swift in Sources */,
				3B203DE722C62EDD00C941B8 /* Image.swift in Sources */,
			);
			runOnlyForDeploymentPostprocessing = 0;
		};
/* End PBXSourcesBuildPhase section */

/* Begin PBXVariantGroup section */
		3B203DCF22C60EF300C941B8 /* Main.storyboard */ = {
			isa = PBXVariantGroup;
			children = (
				3B203DD022C60EF300C941B8 /* Base */,
			);
			name = Main.storyboard;
			sourceTree = "<group>";
		};
		3B203DD422C60EF300C941B8 /* LaunchScreen.storyboard */ = {
			isa = PBXVariantGroup;
			children = (
				3B203DD522C60EF300C941B8 /* Base */,
			);
			name = LaunchScreen.storyboard;
			sourceTree = "<group>";
		};
/* End PBXVariantGroup section */

/* Begin XCBuildConfiguration section */
		3B203DD822C60EF300C941B8 /* Debug */ = {
			isa = XCBuildConfiguration;
			buildSettings = {
				ALWAYS_SEARCH_USER_PATHS = NO;
				CLANG_ANALYZER_NONNULL = YES;
				CLANG_ANALYZER_NUMBER_OBJECT_CONVERSION = YES_AGGRESSIVE;
				CLANG_CXX_LANGUAGE_STANDARD = "gnu++14";
				CLANG_CXX_LIBRARY = "libc++";
				CLANG_ENABLE_MODULES = YES;
				CLANG_ENABLE_OBJC_ARC = YES;
				CLANG_WARN_BLOCK_CAPTURE_AUTORELEASING = YES;
				CLANG_WARN_BOOL_CONVERSION = YES;
				CLANG_WARN_COMMA = YES;
				CLANG_WARN_CONSTANT_CONVERSION = YES;
				CLANG_WARN_DEPRECATED_OBJC_IMPLEMENTATIONS = YES;
				CLANG_WARN_DIRECT_OBJC_ISA_USAGE = YES_ERROR;
				CLANG_WARN_DOCUMENTATION_COMMENTS = YES;
				CLANG_WARN_EMPTY_BODY = YES;
				CLANG_WARN_ENUM_CONVERSION = YES;
				CLANG_WARN_INFINITE_RECURSION = YES;
				CLANG_WARN_INT_CONVERSION = YES;
				CLANG_WARN_NON_LITERAL_NULL_CONVERSION = YES;
				CLANG_WARN_OBJC_IMPLICIT_RETAIN_SELF = YES;
				CLANG_WARN_OBJC_LITERAL_CONVERSION = YES;
				CLANG_WARN_OBJC_ROOT_CLASS = YES_ERROR;
				CLANG_WARN_RANGE_LOOP_ANALYSIS = YES;
				CLANG_WARN_STRICT_PROTOTYPES = YES;
				CLANG_WARN_SUSPICIOUS_MOVE = YES;
				CLANG_WARN_UNGUARDED_AVAILABILITY = YES_AGGRESSIVE;
				CLANG_WARN_UNREACHABLE_CODE = YES;
				CLANG_WARN__DUPLICATE_METHOD_MATCH = YES;
				CODE_SIGN_IDENTITY = "iPhone Developer";
				COPY_PHASE_STRIP = NO;
				DEBUG_INFORMATION_FORMAT = dwarf;
				ENABLE_STRICT_OBJC_MSGSEND = YES;
				ENABLE_TESTABILITY = YES;
				GCC_C_LANGUAGE_STANDARD = gnu11;
				GCC_DYNAMIC_NO_PIC = NO;
				GCC_NO_COMMON_BLOCKS = YES;
				GCC_OPTIMIZATION_LEVEL = 0;
				GCC_PREPROCESSOR_DEFINITIONS = (
					"DEBUG=1",
					"$(inherited)",
				);
				GCC_WARN_64_TO_32_BIT_CONVERSION = YES;
				GCC_WARN_ABOUT_RETURN_TYPE = YES_ERROR;
				GCC_WARN_UNDECLARED_SELECTOR = YES;
				GCC_WARN_UNINITIALIZED_AUTOS = YES_AGGRESSIVE;
				GCC_WARN_UNUSED_FUNCTION = YES;
				GCC_WARN_UNUSED_VARIABLE = YES;
				IPHONEOS_DEPLOYMENT_TARGET = 11.2;
				MTL_ENABLE_DEBUG_INFO = YES;
				ONLY_ACTIVE_ARCH = YES;
				SDKROOT = iphoneos;
				SWIFT_ACTIVE_COMPILATION_CONDITIONS = DEBUG;
				SWIFT_OPTIMIZATION_LEVEL = "-Onone";
			};
			name = Debug;
		};
		3B203DD922C60EF300C941B8 /* Release */ = {
			isa = XCBuildConfiguration;
			buildSettings = {
				ALWAYS_SEARCH_USER_PATHS = NO;
				CLANG_ANALYZER_NONNULL = YES;
				CLANG_ANALYZER_NUMBER_OBJECT_CONVERSION = YES_AGGRESSIVE;
				CLANG_CXX_LANGUAGE_STANDARD = "gnu++14";
				CLANG_CXX_LIBRARY = "libc++";
				CLANG_ENABLE_MODULES = YES;
				CLANG_ENABLE_OBJC_ARC = YES;
				CLANG_WARN_BLOCK_CAPTURE_AUTORELEASING = YES;
				CLANG_WARN_BOOL_CONVERSION = YES;
				CLANG_WARN_COMMA = YES;
				CLANG_WARN_CONSTANT_CONVERSION = YES;
				CLANG_WARN_DEPRECATED_OBJC_IMPLEMENTATIONS = YES;
				CLANG_WARN_DIRECT_OBJC_ISA_USAGE = YES_ERROR;
				CLANG_WARN_DOCUMENTATION_COMMENTS = YES;
				CLANG_WARN_EMPTY_BODY = YES;
				CLANG_WARN_ENUM_CONVERSION = YES;
				CLANG_WARN_INFINITE_RECURSION = YES;
				CLANG_WARN_INT_CONVERSION = YES;
				CLANG_WARN_NON_LITERAL_NULL_CONVERSION = YES;
				CLANG_WARN_OBJC_IMPLICIT_RETAIN_SELF = YES;
				CLANG_WARN_OBJC_LITERAL_CONVERSION = YES;
				CLANG_WARN_OBJC_ROOT_CLASS = YES_ERROR;
				CLANG_WARN_RANGE_LOOP_ANALYSIS = YES;
				CLANG_WARN_STRICT_PROTOTYPES = YES;
				CLANG_WARN_SUSPICIOUS_MOVE = YES;
				CLANG_WARN_UNGUARDED_AVAILABILITY = YES_AGGRESSIVE;
				CLANG_WARN_UNREACHABLE_CODE = YES;
				CLANG_WARN__DUPLICATE_METHOD_MATCH = YES;
				CODE_SIGN_IDENTITY = "iPhone Developer";
				COPY_PHASE_STRIP = NO;
				DEBUG_INFORMATION_FORMAT = "dwarf-with-dsym";
				ENABLE_NS_ASSERTIONS = NO;
				ENABLE_STRICT_OBJC_MSGSEND = YES;
				GCC_C_LANGUAGE_STANDARD = gnu11;
				GCC_NO_COMMON_BLOCKS = YES;
				GCC_WARN_64_TO_32_BIT_CONVERSION = YES;
				GCC_WARN_ABOUT_RETURN_TYPE = YES_ERROR;
				GCC_WARN_UNDECLARED_SELECTOR = YES;
				GCC_WARN_UNINITIALIZED_AUTOS = YES_AGGRESSIVE;
				GCC_WARN_UNUSED_FUNCTION = YES;
				GCC_WARN_UNUSED_VARIABLE = YES;
				IPHONEOS_DEPLOYMENT_TARGET = 11.2;
				MTL_ENABLE_DEBUG_INFO = NO;
				SDKROOT = iphoneos;
				SWIFT_OPTIMIZATION_LEVEL = "-Owholemodule";
				VALIDATE_PRODUCT = YES;
			};
			name = Release;
		};
		3B203DDB22C60EF300C941B8 /* Debug */ = {
			isa = XCBuildConfiguration;
			buildSettings = {
				ASSETCATALOG_COMPILER_APPICON_NAME = AppIcon;
				CODE_SIGN_STYLE = Automatic;
				INFOPLIST_FILE = d03/Info.plist;
				LD_RUNPATH_SEARCH_PATHS = "$(inherited) @executable_path/Frameworks";
				PRODUCT_BUNDLE_IDENTIFIER = d02.d03;
				PRODUCT_NAME = "$(TARGET_NAME)";
				SWIFT_VERSION = 5.0;
				TARGETED_DEVICE_FAMILY = "1,2";
			};
			name = Debug;
		};
		3B203DDC22C60EF300C941B8 /* Release */ = {
			isa = XCBuildConfiguration;
			buildSettings = {
				ASSETCATALOG_COMPILER_APPICON_NAME = AppIcon;
				CODE_SIGN_STYLE = Automatic;
				INFOPLIST_FILE = d03/Info.plist;
				LD_RUNPATH_SEARCH_PATHS = "$(inherited) @executable_path/Frameworks";
				PRODUCT_BUNDLE_IDENTIFIER = d02.d03;
				PRODUCT_NAME = "$(TARGET_NAME)";
				SWIFT_VERSION = 5.0;
				TARGETED_DEVICE_FAMILY = "1,2";
			};
			name = Release;
		};
/* End XCBuildConfiguration section */

/* Begin XCConfigurationList section */
		3B203DC322C60EF300C941B8 /* Build configuration list for PBXProject "d03" */ = {
			isa = XCConfigurationList;
			buildConfigurations = (
				3B203DD822C60EF300C941B8 /* Debug */,
				3B203DD922C60EF300C941B8 /* Release */,
			);
			defaultConfigurationIsVisible = 0;
			defaultConfigurationName = Release;
		};
		3B203DDA22C60EF300C941B8 /* Build configuration list for PBXNativeTarget "d03" */ = {
			isa = XCConfigurationList;
			buildConfigurations = (
				3B203DDB22C60EF300C941B8 /* Debug */,
				3B203DDC22C60EF300C941B8 /* Release */,
			);
			defaultConfigurationIsVisible = 0;
			defaultConfigurationName = Release;
		};
/* End XCConfigurationList section */
	};
	rootObject = 3B203DC022C60EF300C941B8 /* Project object */;
}
